// !$*UTF8*$!
{
	archiveVersion = 1;
	classes = {
	};
	objectVersion = 51;
	objects = {

/* Begin PBXBuildFile section */
		11340C5222B9339E008094FA /* ColorUtil.swift in Sources */ = {isa = PBXBuildFile; fileRef = 11340C5122B9339E008094FA /* ColorUtil.swift */; };
		11340C5422B9342F008094FA /* Colorizer.swift in Sources */ = {isa = PBXBuildFile; fileRef = 11340C5322B9342F008094FA /* Colorizer.swift */; };
		11340C5822B944EB008094FA /* NKLedContoller.swift in Sources */ = {isa = PBXBuildFile; fileRef = 11340C5722B944EB008094FA /* NKLedContoller.swift */; };
		11340C5A22B94778008094FA /* NKHeaderSectionController.swift in Sources */ = {isa = PBXBuildFile; fileRef = 11340C5922B94778008094FA /* NKHeaderSectionController.swift */; };
		11340C5D22B948AB008094FA /* NKSectionCell.swift in Sources */ = {isa = PBXBuildFile; fileRef = 11340C5C22B948AB008094FA /* NKSectionCell.swift */; };
		11340C6022B949C4008094FA /* NKHairlineView.swift in Sources */ = {isa = PBXBuildFile; fileRef = 11340C5F22B949C4008094FA /* NKHairlineView.swift */; };
		1163B89622B95FD000DFBAD5 /* UIScreen+extension.swift in Sources */ = {isa = PBXBuildFile; fileRef = 1163B89522B95FD000DFBAD5 /* UIScreen+extension.swift */; };
		1163B89822B975A000DFBAD5 /* NKSectionModel.swift in Sources */ = {isa = PBXBuildFile; fileRef = 1163B89722B975A000DFBAD5 /* NKSectionModel.swift */; };
		1177845422B91FC80075CE33 /* AppDelegate.swift in Sources */ = {isa = PBXBuildFile; fileRef = 1177845322B91FC80075CE33 /* AppDelegate.swift */; };
		1177845622B91FC80075CE33 /* ViewController.swift in Sources */ = {isa = PBXBuildFile; fileRef = 1177845522B91FC80075CE33 /* ViewController.swift */; };
		1177845922B91FC80075CE33 /* Main.storyboard in Resources */ = {isa = PBXBuildFile; fileRef = 1177845722B91FC80075CE33 /* Main.storyboard */; };
		1177845B22B91FCC0075CE33 /* Assets.xcassets in Resources */ = {isa = PBXBuildFile; fileRef = 1177845A22B91FCC0075CE33 /* Assets.xcassets */; };
		1177845E22B91FCC0075CE33 /* LaunchScreen.storyboard in Resources */ = {isa = PBXBuildFile; fileRef = 1177845C22B91FCC0075CE33 /* LaunchScreen.storyboard */; };
		2C59D2748E32245A5A529BE3 /* Pods_GyLamp.framework in Frameworks */ = {isa = PBXBuildFile; fileRef = 2892B0062866A484621DDFCD /* Pods_GyLamp.framework */; };
/* End PBXBuildFile section */

/* Begin PBXFileReference section */
		059B249548F642F2DFFE3B84 /* Pods-GyLamp.release.xcconfig */ = {isa = PBXFileReference; includeInIndex = 1; lastKnownFileType = text.xcconfig; name = "Pods-GyLamp.release.xcconfig"; path = "Target Support Files/Pods-GyLamp/Pods-GyLamp.release.xcconfig"; sourceTree = "<group>"; };
		11340C5122B9339E008094FA /* ColorUtil.swift */ = {isa = PBXFileReference; lastKnownFileType = sourcecode.swift; path = ColorUtil.swift; sourceTree = "<group>"; };
		11340C5322B9342F008094FA /* Colorizer.swift */ = {isa = PBXFileReference; lastKnownFileType = sourcecode.swift; path = Colorizer.swift; sourceTree = "<group>"; };
		11340C5722B944EB008094FA /* NKLedContoller.swift */ = {isa = PBXFileReference; lastKnownFileType = sourcecode.swift; path = NKLedContoller.swift; sourceTree = "<group>"; };
		11340C5922B94778008094FA /* NKHeaderSectionController.swift */ = {isa = PBXFileReference; lastKnownFileType = sourcecode.swift; path = NKHeaderSectionController.swift; sourceTree = "<group>"; };
		11340C5C22B948AB008094FA /* NKSectionCell.swift */ = {isa = PBXFileReference; lastKnownFileType = sourcecode.swift; path = NKSectionCell.swift; sourceTree = "<group>"; };
		11340C5F22B949C4008094FA /* NKHairlineView.swift */ = {isa = PBXFileReference; lastKnownFileType = sourcecode.swift; path = NKHairlineView.swift; sourceTree = "<group>"; };
		1163B89522B95FD000DFBAD5 /* UIScreen+extension.swift */ = {isa = PBXFileReference; lastKnownFileType = sourcecode.swift; path = "UIScreen+extension.swift"; sourceTree = "<group>"; };
		1163B89722B975A000DFBAD5 /* NKSectionModel.swift */ = {isa = PBXFileReference; lastKnownFileType = sourcecode.swift; path = NKSectionModel.swift; sourceTree = "<group>"; };
		1177845022B91FC80075CE33 /* GyLamp.app */ = {isa = PBXFileReference; explicitFileType = wrapper.application; includeInIndex = 0; path = GyLamp.app; sourceTree = BUILT_PRODUCTS_DIR; };
		1177845322B91FC80075CE33 /* AppDelegate.swift */ = {isa = PBXFileReference; lastKnownFileType = sourcecode.swift; path = AppDelegate.swift; sourceTree = "<group>"; };
		1177845522B91FC80075CE33 /* ViewController.swift */ = {isa = PBXFileReference; lastKnownFileType = sourcecode.swift; path = ViewController.swift; sourceTree = "<group>"; };
		1177845822B91FC80075CE33 /* Base */ = {isa = PBXFileReference; lastKnownFileType = file.storyboard; name = Base; path = Base.lproj/Main.storyboard; sourceTree = "<group>"; };
		1177845A22B91FCC0075CE33 /* Assets.xcassets */ = {isa = PBXFileReference; lastKnownFileType = folder.assetcatalog; path = Assets.xcassets; sourceTree = "<group>"; };
		1177845D22B91FCC0075CE33 /* Base */ = {isa = PBXFileReference; lastKnownFileType = file.storyboard; name = Base; path = Base.lproj/LaunchScreen.storyboard; sourceTree = "<group>"; };
		1177845F22B91FCC0075CE33 /* Info.plist */ = {isa = PBXFileReference; lastKnownFileType = text.plist.xml; path = Info.plist; sourceTree = "<group>"; };
		2892B0062866A484621DDFCD /* Pods_GyLamp.framework */ = {isa = PBXFileReference; explicitFileType = wrapper.framework; includeInIndex = 0; path = Pods_GyLamp.framework; sourceTree = BUILT_PRODUCTS_DIR; };
		CEDA60115F4135953C1A1477 /* Pods-GyLamp.debug.xcconfig */ = {isa = PBXFileReference; includeInIndex = 1; lastKnownFileType = text.xcconfig; name = "Pods-GyLamp.debug.xcconfig"; path = "Target Support Files/Pods-GyLamp/Pods-GyLamp.debug.xcconfig"; sourceTree = "<group>"; };
/* End PBXFileReference section */

/* Begin PBXFrameworksBuildPhase section */
		1177844D22B91FC80075CE33 /* Frameworks */ = {
			isa = PBXFrameworksBuildPhase;
			buildActionMask = 2147483647;
			files = (
				2C59D2748E32245A5A529BE3 /* Pods_GyLamp.framework in Frameworks */,
			);
			runOnlyForDeploymentPostprocessing = 0;
		};
/* End PBXFrameworksBuildPhase section */

/* Begin PBXGroup section */
		11340C4F22B92B57008094FA /* SectionControllers */ = {
			isa = PBXGroup;
			children = (
				11340C5922B94778008094FA /* NKHeaderSectionController.swift */,
			);
			path = SectionControllers;
			sourceTree = "<group>";
		};
		11340C5022B93370008094FA /* Utils */ = {
			isa = PBXGroup;
			children = (
				11340C5122B9339E008094FA /* ColorUtil.swift */,
				11340C5322B9342F008094FA /* Colorizer.swift */,
			);
			path = Utils;
			sourceTree = "<group>";
		};
		11340C5622B9449A008094FA /* New Group */ = {
			isa = PBXGroup;
			children = (
				11340C5722B944EB008094FA /* NKLedContoller.swift */,
				1163B89722B975A000DFBAD5 /* NKSectionModel.swift */,
			);
			path = "New Group";
			sourceTree = "<group>";
		};
		11340C5B22B9488F008094FA /* Cells */ = {
			isa = PBXGroup;
			children = (
				11340C5C22B948AB008094FA /* NKSectionCell.swift */,
			);
			path = Cells;
			sourceTree = "<group>";
		};
		11340C5E22B949B5008094FA /* Custom Views */ = {
			isa = PBXGroup;
			children = (
				11340C5F22B949C4008094FA /* NKHairlineView.swift */,
			);
			path = "Custom Views";
			sourceTree = "<group>";
		};
		1163B89422B94BC700DFBAD5 /* extensions */ = {
			isa = PBXGroup;
			children = (
				1163B89522B95FD000DFBAD5 /* UIScreen+extension.swift */,
			);
			path = extensions;
			sourceTree = "<group>";
		};
		1177844722B91FC80075CE33 = {
			isa = PBXGroup;
			children = (
				1177845222B91FC80075CE33 /* GyLamp */,
				1177845122B91FC80075CE33 /* Products */,
				A2EE343D1EA282F1B50643D8 /* Pods */,
				F03B608BC0CE73C9D909ABB0 /* Frameworks */,
			);
			sourceTree = "<group>";
		};
		1177845122B91FC80075CE33 /* Products */ = {
			isa = PBXGroup;
			children = (
				1177845022B91FC80075CE33 /* GyLamp.app */,
			);
			name = Products;
			sourceTree = "<group>";
		};
		1177845222B91FC80075CE33 /* GyLamp */ = {
			isa = PBXGroup;
			children = (
				1163B89422B94BC700DFBAD5 /* extensions */,
				11340C5E22B949B5008094FA /* Custom Views */,
				11340C5B22B9488F008094FA /* Cells */,
				11340C5622B9449A008094FA /* New Group */,
				11340C5022B93370008094FA /* Utils */,
				11340C4F22B92B57008094FA /* SectionControllers */,
				1177845322B91FC80075CE33 /* AppDelegate.swift */,
				1177845522B91FC80075CE33 /* ViewController.swift */,
				1177845722B91FC80075CE33 /* Main.storyboard */,
				1177845A22B91FCC0075CE33 /* Assets.xcassets */,
				1177845C22B91FCC0075CE33 /* LaunchScreen.storyboard */,
				1177845F22B91FCC0075CE33 /* Info.plist */,
			);
			path = GyLamp;
			sourceTree = "<group>";
		};
		A2EE343D1EA282F1B50643D8 /* Pods */ = {
			isa = PBXGroup;
			children = (
				CEDA60115F4135953C1A1477 /* Pods-GyLamp.debug.xcconfig */,
				059B249548F642F2DFFE3B84 /* Pods-GyLamp.release.xcconfig */,
			);
			path = Pods;
			sourceTree = "<group>";
		};
		F03B608BC0CE73C9D909ABB0 /* Frameworks */ = {
			isa = PBXGroup;
			children = (
				2892B0062866A484621DDFCD /* Pods_GyLamp.framework */,
			);
			name = Frameworks;
			sourceTree = "<group>";
		};
/* End PBXGroup section */

/* Begin PBXNativeTarget section */
		1177844F22B91FC80075CE33 /* GyLamp */ = {
			isa = PBXNativeTarget;
			buildConfigurationList = 1177846222B91FCC0075CE33 /* Build configuration list for PBXNativeTarget "GyLamp" */;
			buildPhases = (
				F1005B20469E71A5833FB57C /* [CP] Check Pods Manifest.lock */,
				1177844C22B91FC80075CE33 /* Sources */,
				1177844D22B91FC80075CE33 /* Frameworks */,
				1177844E22B91FC80075CE33 /* Resources */,
				F03277D9F8B004B6E732A82E /* [CP] Embed Pods Frameworks */,
			);
			buildRules = (
			);
			dependencies = (
			);
			name = GyLamp;
			productName = GyLamp;
			productReference = 1177845022B91FC80075CE33 /* GyLamp.app */;
			productType = "com.apple.product-type.application";
		};
/* End PBXNativeTarget section */

/* Begin PBXProject section */
		1177844822B91FC80075CE33 /* Project object */ = {
			isa = PBXProject;
			attributes = {
				LastSwiftUpdateCheck = 1020;
				LastUpgradeCheck = 1020;
				ORGANIZATIONNAME = nproject;
				TargetAttributes = {
					1177844F22B91FC80075CE33 = {
						CreatedOnToolsVersion = 10.2;
					};
				};
			};
			buildConfigurationList = 1177844B22B91FC80075CE33 /* Build configuration list for PBXProject "GyLamp" */;
			compatibilityVersion = "Xcode 9.3";
			developmentRegion = en;
			hasScannedForEncodings = 0;
			knownRegions = (
				en,
				Base,
			);
			mainGroup = 1177844722B91FC80075CE33;
			productRefGroup = 1177845122B91FC80075CE33 /* Products */;
			projectDirPath = "";
			projectRoot = "";
			targets = (
				1177844F22B91FC80075CE33 /* GyLamp */,
			);
		};
/* End PBXProject section */

/* Begin PBXResourcesBuildPhase section */
		1177844E22B91FC80075CE33 /* Resources */ = {
			isa = PBXResourcesBuildPhase;
			buildActionMask = 2147483647;
			files = (
				1177845E22B91FCC0075CE33 /* LaunchScreen.storyboard in Resources */,
				1177845B22B91FCC0075CE33 /* Assets.xcassets in Resources */,
				1177845922B91FC80075CE33 /* Main.storyboard in Resources */,
			);
			runOnlyForDeploymentPostprocessing = 0;
		};
/* End PBXResourcesBuildPhase section */

/* Begin PBXShellScriptBuildPhase section */
		F03277D9F8B004B6E732A82E /* [CP] Embed Pods Frameworks */ = {
			isa = PBXShellScriptBuildPhase;
			buildActionMask = 2147483647;
			files = (
			);
			inputFileListPaths = (
				"${PODS_ROOT}/Target Support Files/Pods-GyLamp/Pods-GyLamp-frameworks-${CONFIGURATION}-input-files.xcfilelist",
			);
			name = "[CP] Embed Pods Frameworks";
			outputFileListPaths = (
				"${PODS_ROOT}/Target Support Files/Pods-GyLamp/Pods-GyLamp-frameworks-${CONFIGURATION}-output-files.xcfilelist",
			);
			runOnlyForDeploymentPostprocessing = 0;
			shellPath = /bin/sh;
			shellScript = "\"${PODS_ROOT}/Target Support Files/Pods-GyLamp/Pods-GyLamp-frameworks.sh\"\n";
			showEnvVarsInLog = 0;
		};
		F1005B20469E71A5833FB57C /* [CP] Check Pods Manifest.lock */ = {
			isa = PBXShellScriptBuildPhase;
			buildActionMask = 2147483647;
			files = (
			);
			inputFileListPaths = (
			);
			inputPaths = (
				"${PODS_PODFILE_DIR_PATH}/Podfile.lock",
				"${PODS_ROOT}/Manifest.lock",
			);
			name = "[CP] Check Pods Manifest.lock";
			outputFileListPaths = (
			);
			outputPaths = (
				"$(DERIVED_FILE_DIR)/Pods-GyLamp-checkManifestLockResult.txt",
			);
			runOnlyForDeploymentPostprocessing = 0;
			shellPath = /bin/sh;
			shellScript = "diff \"${PODS_PODFILE_DIR_PATH}/Podfile.lock\" \"${PODS_ROOT}/Manifest.lock\" > /dev/null\nif [ $? != 0 ] ; then\n    # print error to STDERR\n    echo \"error: The sandbox is not in sync with the Podfile.lock. Run 'pod install' or update your CocoaPods installation.\" >&2\n    exit 1\nfi\n# This output is used by Xcode 'outputs' to avoid re-running this script phase.\necho \"SUCCESS\" > \"${SCRIPT_OUTPUT_FILE_0}\"\n";
			showEnvVarsInLog = 0;
		};
/* End PBXShellScriptBuildPhase section */

/* Begin PBXSourcesBuildPhase section */
		1177844C22B91FC80075CE33 /* Sources */ = {
			isa = PBXSourcesBuildPhase;
			buildActionMask = 2147483647;
			files = (
				11340C5222B9339E008094FA /* ColorUtil.swift in Sources */,
				11340C5A22B94778008094FA /* NKHeaderSectionController.swift in Sources */,
				1177845622B91FC80075CE33 /* ViewController.swift in Sources */,
				1177845422B91FC80075CE33 /* AppDelegate.swift in Sources */,
				11340C6022B949C4008094FA /* NKHairlineView.swift in Sources */,
				11340C5D22B948AB008094FA /* NKSectionCell.swift in Sources */,
				11340C5422B9342F008094FA /* Colorizer.swift in Sources */,
				11340C5822B944EB008094FA /* NKLedContoller.swift in Sources */,
				1163B89822B975A000DFBAD5 /* NKSectionModel.swift in Sources */,
				1163B89622B95FD000DFBAD5 /* UIScreen+extension.swift in Sources */,
			);
			runOnlyForDeploymentPostprocessing = 0;
		};
/* End PBXSourcesBuildPhase section */

/* Begin PBXVariantGroup section */
		1177845722B91FC80075CE33 /* Main.storyboard */ = {
			isa = PBXVariantGroup;
			children = (
				1177845822B91FC80075CE33 /* Base */,
			);
			name = Main.storyboard;
			sourceTree = "<group>";
		};
		1177845C22B91FCC0075CE33 /* LaunchScreen.storyboard */ = {
			isa = PBXVariantGroup;
			children = (
				1177845D22B91FCC0075CE33 /* Base */,
			);
			name = LaunchScreen.storyboard;
			sourceTree = "<group>";
		};
/* End PBXVariantGroup section */

/* Begin XCBuildConfiguration section */
		1177846022B91FCC0075CE33 /* Debug */ = {
			isa = XCBuildConfiguration;
			buildSettings = {
				ALWAYS_SEARCH_USER_PATHS = NO;
				CLANG_ANALYZER_NONNULL = YES;
				CLANG_ANALYZER_NUMBER_OBJECT_CONVERSION = YES_AGGRESSIVE;
				CLANG_CXX_LANGUAGE_STANDARD = "gnu++14";
				CLANG_CXX_LIBRARY = "libc++";
				CLANG_ENABLE_MODULES = YES;
				CLANG_ENABLE_OBJC_ARC = YES;
				CLANG_ENABLE_OBJC_WEAK = YES;
				CLANG_WARN_BLOCK_CAPTURE_AUTORELEASING = YES;
				CLANG_WARN_BOOL_CONVERSION = YES;
				CLANG_WARN_COMMA = YES;
				CLANG_WARN_CONSTANT_CONVERSION = YES;
				CLANG_WARN_DEPRECATED_OBJC_IMPLEMENTATIONS = YES;
				CLANG_WARN_DIRECT_OBJC_ISA_USAGE = YES_ERROR;
				CLANG_WARN_DOCUMENTATION_COMMENTS = YES;
				CLANG_WARN_EMPTY_BODY = YES;
				CLANG_WARN_ENUM_CONVERSION = YES;
				CLANG_WARN_INFINITE_RECURSION = YES;
				CLANG_WARN_INT_CONVERSION = YES;
				CLANG_WARN_NON_LITERAL_NULL_CONVERSION = YES;
				CLANG_WARN_OBJC_IMPLICIT_RETAIN_SELF = YES;
				CLANG_WARN_OBJC_LITERAL_CONVERSION = YES;
				CLANG_WARN_OBJC_ROOT_CLASS = YES_ERROR;
				CLANG_WARN_RANGE_LOOP_ANALYSIS = YES;
				CLANG_WARN_STRICT_PROTOTYPES = YES;
				CLANG_WARN_SUSPICIOUS_MOVE = YES;
				CLANG_WARN_UNGUARDED_AVAILABILITY = YES_AGGRESSIVE;
				CLANG_WARN_UNREACHABLE_CODE = YES;
				CLANG_WARN__DUPLICATE_METHOD_MATCH = YES;
				CODE_SIGN_IDENTITY = "iPhone Developer";
				COPY_PHASE_STRIP = NO;
				DEBUG_INFORMATION_FORMAT = dwarf;
				ENABLE_STRICT_OBJC_MSGSEND = YES;
				ENABLE_TESTABILITY = YES;
				GCC_C_LANGUAGE_STANDARD = gnu11;
				GCC_DYNAMIC_NO_PIC = NO;
				GCC_NO_COMMON_BLOCKS = YES;
				GCC_OPTIMIZATION_LEVEL = 0;
				GCC_PREPROCESSOR_DEFINITIONS = (
					"DEBUG=1",
					"$(inherited)",
				);
				GCC_WARN_64_TO_32_BIT_CONVERSION = YES;
				GCC_WARN_ABOUT_RETURN_TYPE = YES_ERROR;
				GCC_WARN_UNDECLARED_SELECTOR = YES;
				GCC_WARN_UNINITIALIZED_AUTOS = YES_AGGRESSIVE;
				GCC_WARN_UNUSED_FUNCTION = YES;
				GCC_WARN_UNUSED_VARIABLE = YES;
				IPHONEOS_DEPLOYMENT_TARGET = 12.2;
				MTL_ENABLE_DEBUG_INFO = INCLUDE_SOURCE;
				MTL_FAST_MATH = YES;
				ONLY_ACTIVE_ARCH = YES;
				SDKROOT = iphoneos;
				SWIFT_ACTIVE_COMPILATION_CONDITIONS = DEBUG;
				SWIFT_OPTIMIZATION_LEVEL = "-Onone";
			};
			name = Debug;
		};
		1177846122B91FCC0075CE33 /* Release */ = {
			isa = XCBuildConfiguration;
			buildSettings = {
				ALWAYS_SEARCH_USER_PATHS = NO;
				CLANG_ANALYZER_NONNULL = YES;
				CLANG_ANALYZER_NUMBER_OBJECT_CONVERSION = YES_AGGRESSIVE;
				CLANG_CXX_LANGUAGE_STANDARD = "gnu++14";
				CLANG_CXX_LIBRARY = "libc++";
				CLANG_ENABLE_MODULES = YES;
				CLANG_ENABLE_OBJC_ARC = YES;
				CLANG_ENABLE_OBJC_WEAK = YES;
				CLANG_WARN_BLOCK_CAPTURE_AUTORELEASING = YES;
				CLANG_WARN_BOOL_CONVERSION = YES;
				CLANG_WARN_COMMA = YES;
				CLANG_WARN_CONSTANT_CONVERSION = YES;
				CLANG_WARN_DEPRECATED_OBJC_IMPLEMENTATIONS = YES;
				CLANG_WARN_DIRECT_OBJC_ISA_USAGE = YES_ERROR;
				CLANG_WARN_DOCUMENTATION_COMMENTS = YES;
				CLANG_WARN_EMPTY_BODY = YES;
				CLANG_WARN_ENUM_CONVERSION = YES;
				CLANG_WARN_INFINITE_RECURSION = YES;
				CLANG_WARN_INT_CONVERSION = YES;
				CLANG_WARN_NON_LITERAL_NULL_CONVERSION = YES;
				CLANG_WARN_OBJC_IMPLICIT_RETAIN_SELF = YES;
				CLANG_WARN_OBJC_LITERAL_CONVERSION = YES;
				CLANG_WARN_OBJC_ROOT_CLASS = YES_ERROR;
				CLANG_WARN_RANGE_LOOP_ANALYSIS = YES;
				CLANG_WARN_STRICT_PROTOTYPES = YES;
				CLANG_WARN_SUSPICIOUS_MOVE = YES;
				CLANG_WARN_UNGUARDED_AVAILABILITY = YES_AGGRESSIVE;
				CLANG_WARN_UNREACHABLE_CODE = YES;
				CLANG_WARN__DUPLICATE_METHOD_MATCH = YES;
				CODE_SIGN_IDENTITY = "iPhone Developer";
				COPY_PHASE_STRIP = NO;
				DEBUG_INFORMATION_FORMAT = "dwarf-with-dsym";
				ENABLE_NS_ASSERTIONS = NO;
				ENABLE_STRICT_OBJC_MSGSEND = YES;
				GCC_C_LANGUAGE_STANDARD = gnu11;
				GCC_NO_COMMON_BLOCKS = YES;
				GCC_WARN_64_TO_32_BIT_CONVERSION = YES;
				GCC_WARN_ABOUT_RETURN_TYPE = YES_ERROR;
				GCC_WARN_UNDECLARED_SELECTOR = YES;
				GCC_WARN_UNINITIALIZED_AUTOS = YES_AGGRESSIVE;
				GCC_WARN_UNUSED_FUNCTION = YES;
				GCC_WARN_UNUSED_VARIABLE = YES;
				IPHONEOS_DEPLOYMENT_TARGET = 12.2;
				MTL_ENABLE_DEBUG_INFO = NO;
				MTL_FAST_MATH = YES;
				SDKROOT = iphoneos;
				SWIFT_COMPILATION_MODE = wholemodule;
				SWIFT_OPTIMIZATION_LEVEL = "-O";
				VALIDATE_PRODUCT = YES;
			};
			name = Release;
		};
		1177846322B91FCC0075CE33 /* Debug */ = {
			isa = XCBuildConfiguration;
			baseConfigurationReference = CEDA60115F4135953C1A1477 /* Pods-GyLamp.debug.xcconfig */;
			buildSettings = {
				ASSETCATALOG_COMPILER_APPICON_NAME = AppIcon;
				CODE_SIGN_STYLE = Automatic;
				DEVELOPMENT_TEAM = EL83N7U3ZC;
				INFOPLIST_FILE = GyLamp/Info.plist;
				IPHONEOS_DEPLOYMENT_TARGET = 8.0;
				LD_RUNPATH_SEARCH_PATHS = (
					"$(inherited)",
					"@executable_path/Frameworks",
				);
				PRODUCT_BUNDLE_IDENTIFIER = pw.nproject.GyLamp;
				PRODUCT_NAME = "$(TARGET_NAME)";
				SWIFT_VERSION = 5.0;
				TARGETED_DEVICE_FAMILY = 1;
			};
			name = Debug;
		};
		1177846422B91FCC0075CE33 /* Release */ = {
			isa = XCBuildConfiguration;
			baseConfigurationReference = 059B249548F642F2DFFE3B84 /* Pods-GyLamp.release.xcconfig */;
			buildSettings = {
				ASSETCATALOG_COMPILER_APPICON_NAME = AppIcon;
				CODE_SIGN_STYLE = Automatic;
				DEVELOPMENT_TEAM = EL83N7U3ZC;
				INFOPLIST_FILE = GyLamp/Info.plist;
				IPHONEOS_DEPLOYMENT_TARGET = 8.0;
				LD_RUNPATH_SEARCH_PATHS = (
					"$(inherited)",
					"@executable_path/Frameworks",
				);
				PRODUCT_BUNDLE_IDENTIFIER = pw.nproject.GyLamp;
				PRODUCT_NAME = "$(TARGET_NAME)";
				SWIFT_VERSION = 5.0;
				TARGETED_DEVICE_FAMILY = 1;
			};
			name = Release;
		};
/* End XCBuildConfiguration section */

/* Begin XCConfigurationList section */
		1177844B22B91FC80075CE33 /* Build configuration list for PBXProject "GyLamp" */ = {
			isa = XCConfigurationList;
			buildConfigurations = (
				1177846022B91FCC0075CE33 /* Debug */,
				1177846122B91FCC0075CE33 /* Release */,
			);
			defaultConfigurationIsVisible = 0;
			defaultConfigurationName = Release;
		};
		1177846222B91FCC0075CE33 /* Build configuration list for PBXNativeTarget "GyLamp" */ = {
			isa = XCConfigurationList;
			buildConfigurations = (
				1177846322B91FCC0075CE33 /* Debug */,
				1177846422B91FCC0075CE33 /* Release */,
			);
			defaultConfigurationIsVisible = 0;
			defaultConfigurationName = Release;
		};
/* End XCConfigurationList section */
	};
	rootObject = 1177844822B91FC80075CE33 /* Project object */;
}
