PODS:
  - Alamofire (4.8.2)
  - CocoaAsyncSocket (7.6.3)
  - Google-Mobile-Ads-SDK (7.59.0):
    - GoogleAppMeasurement (~> 6.0)
  - GoogleAppMeasurement (6.5.0):
    - GoogleUtilities/AppDelegateSwizzler (~> 6.0)
    - GoogleUtilities/MethodSwizzler (~> 6.0)
    - GoogleUtilities/Network (~> 6.0)
    - "GoogleUtilities/NSData+zlib (~> 6.0)"
    - nanopb (~> 1.30905.0)
  - GoogleUtilities/AppDelegateSwizzler (6.6.0):
    - GoogleUtilities/Environment
    - GoogleUtilities/Logger
    - GoogleUtilities/Network
  - GoogleUtilities/Environment (6.6.0):
    - PromisesObjC (~> 1.2)
  - GoogleUtilities/Logger (6.6.0):
    - GoogleUtilities/Environment
  - GoogleUtilities/MethodSwizzler (6.6.0):
    - GoogleUtilities/Logger
  - GoogleUtilities/Network (6.6.0):
    - GoogleUtilities/Logger
    - "GoogleUtilities/NSData+zlib"
    - GoogleUtilities/Reachability
  - "GoogleUtilities/NSData+zlib (6.6.0)"
  - GoogleUtilities/Reachability (6.6.0):
    - GoogleUtilities/Logger
  - IGListKit (3.4.0):
    - IGListKit/Default (= 3.4.0)
  - IGListKit/Default (3.4.0):
    - IGListKit/Diffing
  - IGListKit/Diffing (3.4.0)
  - Material (3.1.4):
    - Material/Core (= 3.1.4)
  - Material/Core (3.1.4):
    - Motion (~> 3.1.0)
  - MBCircularProgressBar (0.3.5)
  - Motion (3.1.1):
    - Motion/Core (= 3.1.1)
  - Motion/Core (3.1.1)
  - nanopb (1.30905.0):
    - nanopb/decode (= 1.30905.0)
    - nanopb/encode (= 1.30905.0)
  - nanopb/decode (1.30905.0)
  - nanopb/encode (1.30905.0)
  - PromisesObjC (1.2.8)
  - RxCocoa (5.0.0):
    - RxRelay (~> 5)
    - RxSwift (~> 5)
  - RxRelay (5.0.0):
    - RxSwift (~> 5)
  - RxSwift (5.0.0)
  - SwiftyXML (3.0.0)
  - Weak (1.0.0)

DEPENDENCIES:
  - Alamofire
  - CocoaAsyncSocket
  - Google-Mobile-Ads-SDK
  - IGListKit (~> 3.0)
  - Material (~> 3.1.0)
  - MBCircularProgressBar
  - RxCocoa (~> 5)
  - RxSwift (~> 5)
  - SwiftyXML (~> 3.0.0)
  - Weak (~> 1.0.0)

SPEC REPOS:
  trunk:
    - Alamofire
    - CocoaAsyncSocket
    - Google-Mobile-Ads-SDK
    - GoogleAppMeasurement
    - GoogleUtilities
    - IGListKit
    - Material
    - MBCircularProgressBar
    - Motion
    - nanopb
    - PromisesObjC
    - RxCocoa
    - RxRelay
    - RxSwift
    - SwiftyXML
    - Weak

SPEC CHECKSUMS:
  Alamofire: ae5c501addb7afdbb13687d7f2f722c78734c2d3
  CocoaAsyncSocket: eafaa68a7e0ec99ead0a7b35015e0bf25d2c8987
  Google-Mobile-Ads-SDK: 118217ac8b80e28aabe0c00aedab1cd885857776
  GoogleAppMeasurement: 4c644d86835d827bab30ab6aabb9ecaf1f500735
  GoogleUtilities: 39530bc0ad980530298e9c4af8549e991fd033b1
  IGListKit: 7a5d788e9fb746bcd402baa8e8b24bc3bd2a5a07
  Material: 3622a0e18c8114e701b9d8509c3c4af28ed69ed8
  MBCircularProgressBar: 0b795b722a5eb5b0923822f90474e2576a1a7855
  Motion: f115b33f36cc52472a25a965daa89b3859817de0
  nanopb: c43f40fadfe79e8b8db116583945847910cbabc9
  PromisesObjC: c119f3cd559f50b7ae681fa59dc1acd19173b7e6
  RxCocoa: fcf32050ac00d801f34a7f71d5e8e7f23026dcd8
  RxRelay: 4f7409406a51a55cd88483f21ed898c234d60f18
  RxSwift: 8b0671caa829a763bbce7271095859121cbd895f
  SwiftyXML: 0427c334881dee63a6b76b70e090fb3b45fc773d
  Weak: 5b7a03ba36275b5075ee152841d97d4b225eabde

PODFILE CHECKSUM: 2e99b5b96ede7e7bbea2586391ca85332f874f19

COCOAPODS: 1.9.1
