PODS:
  - Alamofire (4.9.1)
  - CocoaAsyncSocket (7.6.4)
  - IGListKit (3.4.0):
    - IGListKit/Default (= 3.4.0)
  - IGListKit/Default (3.4.0):
    - IGListKit/Diffing
  - IGListKit/Diffing (3.4.0)
  - Material (3.1.8):
    - Material/Core (= 3.1.8)
  - Material/Core (3.1.8):
    - Motion (~> 3.1.1)
  - MBCircularProgressBar (0.3.5)
  - Motion (3.1.3):
    - Motion/Core (= 3.1.3)
  - Motion/Core (3.1.3)
  - RxCocoa (5.1.3):
    - RxRelay (~> 5)
    - RxSwift (~> 5)
  - RxRelay (5.1.3):
    - RxSwift (~> 5)
  - RxSwift (5.1.3)
  - SwiftyXML (3.0.4)
  - Weak (1.0.0)

DEPENDENCIES:
  - Alamofire
  - CocoaAsyncSocket
  - IGListKit (~> 3.0)
  - Material (~> 3.1.0)
  - MBCircularProgressBar
  - RxCocoa (~> 5)
  - RxSwift (~> 5)
  - SwiftyXML (~> 3.0.0)
  - Weak (~> 1.0.0)

SPEC REPOS:
  trunk:
    - Alamofire
    - CocoaAsyncSocket
    - IGListKit
    - Material
    - MBCircularProgressBar
    - Motion
    - RxCocoa
    - RxRelay
    - RxSwift
    - SwiftyXML
    - Weak

SPEC CHECKSUMS:
  Alamofire: 85e8a02c69d6020a0d734f6054870d7ecb75cf18
  CocoaAsyncSocket: 694058e7c0ed05a9e217d1b3c7ded962f4180845
  IGListKit: 7a5d788e9fb746bcd402baa8e8b24bc3bd2a5a07
  Material: a2a3f400a3b549d53ef89e56c58c4535b29db387
  MBCircularProgressBar: 0b795b722a5eb5b0923822f90474e2576a1a7855
  Motion: cf1e060e489f6661126374d5c60dbd2ed991605c
  RxCocoa: e2ed092d5432e4296aa818021d27de4090ac0354
  RxRelay: 5a18c2eb2d68326ebaf0112f80d837ae41b92b97
  RxSwift: 915abbdfb62214aa89ccd0b194d44fb478019b27
  SwiftyXML: afa603d3ef7ce88ef19879d7324c05b5a5fe6672
  Weak: 5b7a03ba36275b5075ee152841d97d4b225eabde

PODFILE CHECKSUM: 972e3806b084781f9a68160d381df5f4bc34e231

COCOAPODS: 1.10.1
